
Microsoft Visual Studio Solution File, Format Version 12.00
Project("{FAE04EC0-301F-11D3-BF4B-00C04F79EFBC}") = "MessagingSystem.Api", "MessagingSystem.Api\MessagingSystem.Api.csproj", "{5D9C9487-BAC2-43EF-B1CC-9D03A1EF038D}"
EndProject
Project("{FAE04EC0-301F-11D3-BF4B-00C04F79EFBC}") = "MessagingSystem.Application", "MessagingSystem.Application\MessagingSystem.Application.csproj", "{DE50141A-373B-41AF-87F8-1BC3B171A72B}"
EndProject
Project("{FAE04EC0-301F-11D3-BF4B-00C04F79EFBC}") = "MessagingSystem.Domain", "MessagingSystem.Domain\MessagingSystem.Domain.csproj", "{B28F5F7F-BC59-4513-BAC1-BEEB7638838E}"
EndProject
Project("{FAE04EC0-301F-11D3-BF4B-00C04F79EFBC}") = "MessagingSystem.Infrastructure", "MessagingSystem.Infrastructure\MessagingSystem.Infrastructure.csproj", "{DD519D72-7CE3-42F3-A2F5-C976D98CFB73}"
EndProject
Global
	GlobalSection(SolutionConfigurationPlatforms) = preSolution
		Debug|Any CPU = Debug|Any CPU
		Release|Any CPU = Release|Any CPU
	EndGlobalSection
	GlobalSection(ProjectConfigurationPlatforms) = postSolution
		{5D9C9487-BAC2-43EF-B1CC-9D03A1EF038D}.Debug|Any CPU.ActiveCfg = Debug|Any CPU
		{5D9C9487-BAC2-43EF-B1CC-9D03A1EF038D}.Debug|Any CPU.Build.0 = Debug|Any CPU
		{5D9C9487-BAC2-43EF-B1CC-9D03A1EF038D}.Release|Any CPU.ActiveCfg = Release|Any CPU
		{5D9C9487-BAC2-43EF-B1CC-9D03A1EF038D}.Release|Any CPU.Build.0 = Release|Any CPU
		{DE50141A-373B-41AF-87F8-1BC3B171A72B}.Debug|Any CPU.ActiveCfg = Debug|Any CPU
		{DE50141A-373B-41AF-87F8-1BC3B171A72B}.Debug|Any CPU.Build.0 = Debug|Any CPU
		{DE50141A-373B-41AF-87F8-1BC3B171A72B}.Release|Any CPU.ActiveCfg = Release|Any CPU
		{DE50141A-373B-41AF-87F8-1BC3B171A72B}.Release|Any CPU.Build.0 = Release|Any CPU
		{B28F5F7F-BC59-4513-BAC1-BEEB7638838E}.Debug|Any CPU.ActiveCfg = Debug|Any CPU
		{B28F5F7F-BC59-4513-BAC1-BEEB7638838E}.Debug|Any CPU.Build.0 = Debug|Any CPU
		{B28F5F7F-BC59-4513-BAC1-BEEB7638838E}.Release|Any CPU.ActiveCfg = Release|Any CPU
		{B28F5F7F-BC59-4513-BAC1-BEEB7638838E}.Release|Any CPU.Build.0 = Release|Any CPU
		{DD519D72-7CE3-42F3-A2F5-C976D98CFB73}.Debug|Any CPU.ActiveCfg = Debug|Any CPU
		{DD519D72-7CE3-42F3-A2F5-C976D98CFB73}.Debug|Any CPU.Build.0 = Debug|Any CPU
		{DD519D72-7CE3-42F3-A2F5-C976D98CFB73}.Release|Any CPU.ActiveCfg = Release|Any CPU
		{DD519D72-7CE3-42F3-A2F5-C976D98CFB73}.Release|Any CPU.Build.0 = Release|Any CPU
	EndGlobalSection
EndGlobal
